# This file is automatically @generated by Cargo.
# It is not intended for manual editing.
version = 4

[[package]]
name = "allocator-api2"
version = "0.2.21"
source = "registry+https://github.com/rust-lang/crates.io-index"
checksum = "683d7910e743518b0e34f1186f92494becacb047c7b6bf616c96772180fef923"

[[package]]
name = "allocator-api2"
version = "0.4.0"
source = "registry+https://github.com/rust-lang/crates.io-index"
checksum = "c880a97d28a3681c0267bd29cff89621202715b065127cd445fa0f0fe0aa2880"

[[package]]
name = "bitflags"
version = "2.11.1"
source = "registry+https://github.com/rust-lang/crates.io-index"
checksum = "c4512299f36f043ab09a583e57bceb5a5aab7a73db1805848e8fef3c9e8c78b3"

[[package]]
name = "bumpalo"
version = "3.20.2"
source = "registry+https://github.com/rust-lang/crates.io-index"
checksum = "5d20789868f4b01b2f2caec9f5c4e0213b41e3e5702a50157d699ae31ced2fcb"
dependencies = [
 "allocator-api2 0.2.21",
]

[[package]]
name = "cranelift-assembler-x64"
version = "0.133.0"
source = "git+https://github.com/tomaka/wasmtime?branch=nostd#2a23549d1fc994b7c626b823a9bcf224af654b5f"
dependencies = [
 "cranelift-assembler-x64-meta",
]

[[package]]
name = "cranelift-assembler-x64-meta"
version = "0.133.0"
source = "git+https://github.com/tomaka/wasmtime?branch=nostd#2a23549d1fc994b7c626b823a9bcf224af654b5f"
dependencies = [
 "cranelift-srcgen",
]

[[package]]
name = "cranelift-bforest"
version = "0.133.0"
source = "git+https://github.com/tomaka/wasmtime?branch=nostd#2a23549d1fc994b7c626b823a9bcf224af654b5f"
dependencies = [
 "cranelift-entity",
 "wasmtime-internal-core",
]

[[package]]
name = "cranelift-bitset"
version = "0.133.0"
source = "git+https://github.com/tomaka/wasmtime?branch=nostd#2a23549d1fc994b7c626b823a9bcf224af654b5f"
dependencies = [
 "wasmtime-internal-core",
]

[[package]]
name = "cranelift-codegen"
version = "0.133.0"
source = "git+https://github.com/tomaka/wasmtime?branch=nostd#2a23549d1fc994b7c626b823a9bcf224af654b5f"
dependencies = [
 "bumpalo",
 "cranelift-assembler-x64",
 "cranelift-bforest",
 "cranelift-bitset",
 "cranelift-codegen-meta",
 "cranelift-codegen-shared",
 "cranelift-control",
 "cranelift-entity",
 "cranelift-isle",
 "gimli",
 "hashbrown 0.17.1",
 "libm",
 "log",
 "regalloc2",
 "rustc-hash",
 "smallvec",
 "target-lexicon",
 "wasmtime-internal-core",
]

[[package]]
name = "cranelift-codegen-meta"
version = "0.133.0"
source = "git+https://github.com/tomaka/wasmtime?branch=nostd#2a23549d1fc994b7c626b823a9bcf224af654b5f"
dependencies = [
 "cranelift-assembler-x64-meta",
 "cranelift-codegen-shared",
 "cranelift-srcgen",
 "heck",
]

[[package]]
name = "cranelift-codegen-shared"
version = "0.133.0"
source = "git+https://github.com/tomaka/wasmtime?branch=nostd#2a23549d1fc994b7c626b823a9bcf224af654b5f"

[[package]]
name = "cranelift-control"
version = "0.133.0"
source = "git+https://github.com/tomaka/wasmtime?branch=nostd#2a23549d1fc994b7c626b823a9bcf224af654b5f"

[[package]]
name = "cranelift-entity"
version = "0.133.0"
source = "git+https://github.com/tomaka/wasmtime?branch=nostd#2a23549d1fc994b7c626b823a9bcf224af654b5f"
dependencies = [
 "cranelift-bitset",
 "wasmtime-internal-core",
]

[[package]]
name = "cranelift-frontend"
version = "0.133.0"
source = "git+https://github.com/tomaka/wasmtime?branch=nostd#2a23549d1fc994b7c626b823a9bcf224af654b5f"
dependencies = [
 "cranelift-codegen",
 "hashbrown 0.17.1",
 "log",
 "smallvec",
 "target-lexicon",
]

[[package]]
name = "cranelift-isle"
version = "0.133.0"
source = "git+https://github.com/tomaka/wasmtime?branch=nostd#2a23549d1fc994b7c626b823a9bcf224af654b5f"

[[package]]
name = "cranelift-srcgen"
version = "0.133.0"
source = "git+https://github.com/tomaka/wasmtime?branch=nostd#2a23549d1fc994b7c626b823a9bcf224af654b5f"

[[package]]
name = "equivalent"
version = "1.0.2"
source = "registry+https://github.com/rust-lang/crates.io-index"
checksum = "877a4ace8713b0bcf2a4e7eec82529c029f1d0619886d18145fea96c3ffe5c0f"

[[package]]
name = "fnv"
version = "1.0.7"
source = "registry+https://github.com/rust-lang/crates.io-index"
checksum = "3f9eec918d3f24069decb9af1554cad7c880e2da24a9afd88aca000531ab82c1"

[[package]]
name = "foldhash"
version = "0.2.0"
source = "registry+https://github.com/rust-lang/crates.io-index"
checksum = "77ce24cb58228fbb8aa041425bb1050850ac19177686ea6e0f41a70416f56fdb"

[[package]]
name = "gimli"
version = "0.33.0"
source = "registry+https://github.com/rust-lang/crates.io-index"
checksum = "0bf7f043f89559805f8c7cacc432749b2fa0d0a0a9ee46ce47164ed5ba7f126c"
dependencies = [
 "fnv",
 "hashbrown 0.16.1",
 "indexmap",
]

[[package]]
name = "hashbrown"
version = "0.16.1"
source = "registry+https://github.com/rust-lang/crates.io-index"
checksum = "841d1cc9bed7f9236f321df977030373f4a4163ae1a7dbfe1a51a2c1a51d9100"

[[package]]
name = "hashbrown"
version = "0.17.1"
source = "registry+https://github.com/rust-lang/crates.io-index"
checksum = "ed5909b6e89a2db4456e54cd5f673791d7eca6732202bbf2a9cc504fe2f9b84a"
dependencies = [
 "foldhash",
]

[[package]]
name = "heck"
version = "0.5.0"
source = "registry+https://github.com/rust-lang/crates.io-index"
checksum = "2304e00983f87ffb38b55b444b5e3b60a884b5d30c0fca7d82fe33449bbe55ea"

[[package]]
name = "indexmap"
version = "2.14.0"
source = "registry+https://github.com/rust-lang/crates.io-index"
checksum = "d466e9454f08e4a911e14806c24e16fba1b4c121d1ea474396f396069cf949d9"
dependencies = [
 "equivalent",
 "hashbrown 0.17.1",
]

[[package]]
name = "init"
version = "0.1.0"
dependencies = [
 "allocator-api2 0.4.0",
 "cranelift-codegen",
 "cranelift-frontend",
 "syscalls",
 "talc",
 "target-lexicon",
 "wasmparser",
 "x25519-nostd",
]

[[package]]
name = "libm"
version = "0.2.16"
source = "registry+https://github.com/rust-lang/crates.io-index"
checksum = "b6d2cec3eae94f9f509c767b45932f1ada8350c4bdb85af2fcab4a3c14807981"

[[package]]
name = "lock_api"
version = "0.4.14"
source = "registry+https://github.com/rust-lang/crates.io-index"
checksum = "224399e74b87b5f3557511d98dff8b14089b3dadafcab6bb93eab67d3aace965"
dependencies = [
 "scopeguard",
]

[[package]]
name = "log"
version = "0.4.29"
source = "registry+https://github.com/rust-lang/crates.io-index"
checksum = "5e5032e24019045c762d3c0f28f5b6b8bbf38563a65908389bf7978758920897"

[[package]]
name = "regalloc2"
version = "0.15.1"
source = "registry+https://github.com/rust-lang/crates.io-index"
checksum = "de2c52737737f8609e94f975dee22854a2d5c125772d4b1cf292120f4d45c186"
dependencies = [
 "allocator-api2 0.2.21",
 "bumpalo",
 "hashbrown 0.17.1",
 "log",
 "rustc-hash",
 "smallvec",
]

[[package]]
name = "rustc-hash"
version = "2.1.2"
source = "registry+https://github.com/rust-lang/crates.io-index"
checksum = "94300abf3f1ae2e2b8ffb7b58043de3d399c73fa6f4b73826402a5c457614dbe"

[[package]]
name = "scopeguard"
version = "1.2.0"
source = "registry+https://github.com/rust-lang/crates.io-index"
checksum = "94143f37725109f92c262ed2cf5e59bce7498c01bcc1502d7b9afe439a4e9f49"

[[package]]
name = "smallvec"
version = "1.15.1"
source = "registry+https://github.com/rust-lang/crates.io-index"
checksum = "67b1b7a3b5fe4f1376887184045fcf45c69e92af734b7aaddc05fb777b6fbd03"

[[package]]
name = "syscalls"
version = "0.8.1"
source = "registry+https://github.com/rust-lang/crates.io-index"
checksum = "81c645a4de0d803ced6ef0388a2646aa1ef8467173b5d59a2c33c88de4ab76e7"

[[package]]
name = "talc"
version = "5.0.3"
source = "registry+https://github.com/rust-lang/crates.io-index"
checksum = "3081e3f3ad542dc4cd0ae720f752598f8880fd364dc2d031132e3509f673aa23"
dependencies = [
 "allocator-api2 0.4.0",
 "lock_api",
]

[[package]]
name = "target-lexicon"
version = "0.13.5"
source = "registry+https://github.com/rust-lang/crates.io-index"
checksum = "adb6935a6f5c20170eeceb1a3835a49e12e19d792f6dd344ccc76a985ca5a6ca"

[[package]]
name = "wasmparser"
version = "0.249.0"
source = "registry+https://github.com/rust-lang/crates.io-index"
checksum = "30538cae9a794215f490b532df01c557e2e2bfac92569482554acd0992a102ea"
dependencies = [
 "bitflags",
]

[[package]]
name = "wasmtime-internal-core"
version = "46.0.0"
source = "git+https://github.com/tomaka/wasmtime?branch=nostd#2a23549d1fc994b7c626b823a9bcf224af654b5f"
dependencies = [
 "hashbrown 0.17.1",
 "libm",
]

[[package]]
name = "x25519-nostd"
version = "0.1.0"
source = "registry+https://github.com/rust-lang/crates.io-index"
checksum = "2f9b0a0bd9d2bfcd51e2973c84988d01f4b481b8dbb0f9aec893583cb7b1f494"
