# This file is automatically @generated by Cargo.
# It is not intended for manual editing.
version = 4

[[package]]
name = "allocator-api2"
version = "0.2.21"
source = "registry+https://github.com/rust-lang/crates.io-index"
checksum = "683d7910e743518b0e34f1186f92494becacb047c7b6bf616c96772180fef923"

[[package]]
name = "allocator-api2"
version = "0.4.0"
source = "registry+https://github.com/rust-lang/crates.io-index"
checksum = "c880a97d28a3681c0267bd29cff89621202715b065127cd445fa0f0fe0aa2880"

[[package]]
name = "arbitrary"
version = "1.4.2"
source = "registry+https://github.com/rust-lang/crates.io-index"
checksum = "c3d036a3c4ab069c7b410a2ce876bd74808d2d0888a82667669f8e783a898bf1"

[[package]]
name = "bitflags"
version = "2.11.1"
source = "registry+https://github.com/rust-lang/crates.io-index"
checksum = "c4512299f36f043ab09a583e57bceb5a5aab7a73db1805848e8fef3c9e8c78b3"

[[package]]
name = "bumpalo"
version = "3.20.2"
source = "registry+https://github.com/rust-lang/crates.io-index"
checksum = "5d20789868f4b01b2f2caec9f5c4e0213b41e3e5702a50157d699ae31ced2fcb"
dependencies = [
 "allocator-api2 0.2.21",
]

[[package]]
name = "cranelift-bforest"
version = "0.115.1"
source = "registry+https://github.com/rust-lang/crates.io-index"
checksum = "88c1d02b72b6c411c0a2e92b25ed791ad5d071184193c08a34aa0fdcdf000b72"
dependencies = [
 "cranelift-entity",
]

[[package]]
name = "cranelift-bitset"
version = "0.115.1"
source = "registry+https://github.com/rust-lang/crates.io-index"
checksum = "720b93bd86ebbb23ebfb2db1ed44d54b2ecbdbb2d034d485bc64aa605ee787ab"

[[package]]
name = "cranelift-codegen"
version = "0.115.1"
source = "registry+https://github.com/rust-lang/crates.io-index"
checksum = "aed3d2d9914d30b460eedd7fd507720203023997bef71452ce84873f9c93537c"
dependencies = [
 "bumpalo",
 "cranelift-bforest",
 "cranelift-bitset",
 "cranelift-codegen-meta",
 "cranelift-codegen-shared",
 "cranelift-control",
 "cranelift-entity",
 "cranelift-isle",
 "gimli",
 "hashbrown 0.14.5",
 "log",
 "regalloc2",
 "rustc-hash",
 "serde",
 "smallvec",
 "target-lexicon 0.12.16",
]

[[package]]
name = "cranelift-codegen-meta"
version = "0.115.1"
source = "registry+https://github.com/rust-lang/crates.io-index"
checksum = "888c188d32263ec9e048873ff0b68c700933600d553f4412417916828be25f8e"
dependencies = [
 "cranelift-codegen-shared",
]

[[package]]
name = "cranelift-codegen-shared"
version = "0.115.1"
source = "registry+https://github.com/rust-lang/crates.io-index"
checksum = "4ddd5f4114d04ce7e073dd74e2ad16541fc61970726fcc8b2d5644a154ee4127"

[[package]]
name = "cranelift-control"
version = "0.115.1"
source = "registry+https://github.com/rust-lang/crates.io-index"
checksum = "92cc4c98d6a4256a1600d93ccd3536f3e77da9b4ca2c279de786ac22876e67d6"
dependencies = [
 "arbitrary",
]

[[package]]
name = "cranelift-entity"
version = "0.115.1"
source = "registry+https://github.com/rust-lang/crates.io-index"
checksum = "760af4b5e051b5f82097a27274b917e3751736369fa73660513488248d27f23d"
dependencies = [
 "cranelift-bitset",
]

[[package]]
name = "cranelift-frontend"
version = "0.115.1"
source = "registry+https://github.com/rust-lang/crates.io-index"
checksum = "c0bf77ec0f470621655ec7539860b5c620d4f91326654ab21b075b83900f8831"
dependencies = [
 "cranelift-codegen",
 "hashbrown 0.14.5",
 "log",
 "smallvec",
 "target-lexicon 0.12.16",
]

[[package]]
name = "cranelift-isle"
version = "0.115.1"
source = "registry+https://github.com/rust-lang/crates.io-index"
checksum = "4b665d0a6932c421620be184f9fc7f7adaf1b0bc2fa77bb7ac5177c49abf645b"

[[package]]
name = "equivalent"
version = "1.0.2"
source = "registry+https://github.com/rust-lang/crates.io-index"
checksum = "877a4ace8713b0bcf2a4e7eec82529c029f1d0619886d18145fea96c3ffe5c0f"

[[package]]
name = "fallible-iterator"
version = "0.3.0"
source = "registry+https://github.com/rust-lang/crates.io-index"
checksum = "2acce4a10f12dc2fb14a218589d4f1f62ef011b2d0cc4b3cb1bba8e94da14649"

[[package]]
name = "gimli"
version = "0.31.1"
source = "registry+https://github.com/rust-lang/crates.io-index"
checksum = "07e28edb80900c19c28f1072f2e8aeca7fa06b23cd4169cefe1af5aa3260783f"
dependencies = [
 "fallible-iterator",
 "indexmap",
 "stable_deref_trait",
]

[[package]]
name = "hashbrown"
version = "0.14.5"
source = "registry+https://github.com/rust-lang/crates.io-index"
checksum = "e5274423e17b7c9fc20b6e7e208532f9b19825d82dfd615708b70edd83df41f1"

[[package]]
name = "hashbrown"
version = "0.15.5"
source = "registry+https://github.com/rust-lang/crates.io-index"
checksum = "9229cfe53dfd69f0609a49f65461bd93001ea1ef889cd5529dd176593f5338a1"

[[package]]
name = "hashbrown"
version = "0.17.1"
source = "registry+https://github.com/rust-lang/crates.io-index"
checksum = "ed5909b6e89a2db4456e54cd5f673791d7eca6732202bbf2a9cc504fe2f9b84a"

[[package]]
name = "indexmap"
version = "2.14.0"
source = "registry+https://github.com/rust-lang/crates.io-index"
checksum = "d466e9454f08e4a911e14806c24e16fba1b4c121d1ea474396f396069cf949d9"
dependencies = [
 "equivalent",
 "hashbrown 0.17.1",
]

[[package]]
name = "init"
version = "0.1.0"
dependencies = [
 "allocator-api2 0.4.0",
 "cranelift-codegen",
 "cranelift-frontend",
 "syscalls",
 "talc",
 "target-lexicon 0.13.5",
 "wasmparser",
 "x25519-nostd",
]

[[package]]
name = "lock_api"
version = "0.4.14"
source = "registry+https://github.com/rust-lang/crates.io-index"
checksum = "224399e74b87b5f3557511d98dff8b14089b3dadafcab6bb93eab67d3aace965"
dependencies = [
 "scopeguard",
]

[[package]]
name = "log"
version = "0.4.29"
source = "registry+https://github.com/rust-lang/crates.io-index"
checksum = "5e5032e24019045c762d3c0f28f5b6b8bbf38563a65908389bf7978758920897"

[[package]]
name = "proc-macro2"
version = "1.0.106"
source = "registry+https://github.com/rust-lang/crates.io-index"
checksum = "8fd00f0bb2e90d81d1044c2b32617f68fcb9fa3bb7640c23e9c748e53fb30934"
dependencies = [
 "unicode-ident",
]

[[package]]
name = "quote"
version = "1.0.45"
source = "registry+https://github.com/rust-lang/crates.io-index"
checksum = "41f2619966050689382d2b44f664f4bc593e129785a36d6ee376ddf37259b924"
dependencies = [
 "proc-macro2",
]

[[package]]
name = "regalloc2"
version = "0.11.2"
source = "registry+https://github.com/rust-lang/crates.io-index"
checksum = "dc06e6b318142614e4a48bc725abbf08ff166694835c43c9dae5a9009704639a"
dependencies = [
 "allocator-api2 0.2.21",
 "bumpalo",
 "hashbrown 0.15.5",
 "log",
 "rustc-hash",
 "smallvec",
]

[[package]]
name = "rustc-hash"
version = "2.1.2"
source = "registry+https://github.com/rust-lang/crates.io-index"
checksum = "94300abf3f1ae2e2b8ffb7b58043de3d399c73fa6f4b73826402a5c457614dbe"

[[package]]
name = "scopeguard"
version = "1.2.0"
source = "registry+https://github.com/rust-lang/crates.io-index"
checksum = "94143f37725109f92c262ed2cf5e59bce7498c01bcc1502d7b9afe439a4e9f49"

[[package]]
name = "serde"
version = "1.0.228"
source = "registry+https://github.com/rust-lang/crates.io-index"
checksum = "9a8e94ea7f378bd32cbbd37198a4a91436180c5bb472411e48b5ec2e2124ae9e"
dependencies = [
 "serde_core",
]

[[package]]
name = "serde_core"
version = "1.0.228"
source = "registry+https://github.com/rust-lang/crates.io-index"
checksum = "41d385c7d4ca58e59fc732af25c3983b67ac852c1a25000afe1175de458b67ad"
dependencies = [
 "serde_derive",
]

[[package]]
name = "serde_derive"
version = "1.0.228"
source = "registry+https://github.com/rust-lang/crates.io-index"
checksum = "d540f220d3187173da220f885ab66608367b6574e925011a9353e4badda91d79"
dependencies = [
 "proc-macro2",
 "quote",
 "syn",
]

[[package]]
name = "smallvec"
version = "1.15.1"
source = "registry+https://github.com/rust-lang/crates.io-index"
checksum = "67b1b7a3b5fe4f1376887184045fcf45c69e92af734b7aaddc05fb777b6fbd03"

[[package]]
name = "stable_deref_trait"
version = "1.2.1"
source = "registry+https://github.com/rust-lang/crates.io-index"
checksum = "6ce2be8dc25455e1f91df71bfa12ad37d7af1092ae736f3a6cd0e37bc7810596"

[[package]]
name = "syn"
version = "2.0.117"
source = "registry+https://github.com/rust-lang/crates.io-index"
checksum = "e665b8803e7b1d2a727f4023456bbbbe74da67099c585258af0ad9c5013b9b99"
dependencies = [
 "proc-macro2",
 "quote",
 "unicode-ident",
]

[[package]]
name = "syscalls"
version = "0.8.1"
source = "registry+https://github.com/rust-lang/crates.io-index"
checksum = "81c645a4de0d803ced6ef0388a2646aa1ef8467173b5d59a2c33c88de4ab76e7"

[[package]]
name = "talc"
version = "5.0.3"
source = "registry+https://github.com/rust-lang/crates.io-index"
checksum = "3081e3f3ad542dc4cd0ae720f752598f8880fd364dc2d031132e3509f673aa23"
dependencies = [
 "allocator-api2 0.4.0",
 "lock_api",
]

[[package]]
name = "target-lexicon"
version = "0.12.16"
source = "registry+https://github.com/rust-lang/crates.io-index"
checksum = "61c41af27dd6d1e27b1b16b489db798443478cef1f06a660c96db617ba5de3b1"

[[package]]
name = "target-lexicon"
version = "0.13.5"
source = "registry+https://github.com/rust-lang/crates.io-index"
checksum = "adb6935a6f5c20170eeceb1a3835a49e12e19d792f6dd344ccc76a985ca5a6ca"

[[package]]
name = "unicode-ident"
version = "1.0.24"
source = "registry+https://github.com/rust-lang/crates.io-index"
checksum = "e6e4313cd5fcd3dad5cafa179702e2b244f760991f45397d14d4ebf38247da75"

[[package]]
name = "wasmparser"
version = "0.249.0"
source = "registry+https://github.com/rust-lang/crates.io-index"
checksum = "30538cae9a794215f490b532df01c557e2e2bfac92569482554acd0992a102ea"
dependencies = [
 "bitflags",
]

[[package]]
name = "x25519-nostd"
version = "0.1.0"
source = "registry+https://github.com/rust-lang/crates.io-index"
checksum = "2f9b0a0bd9d2bfcd51e2973c84988d01f4b481b8dbb0f9aec893583cb7b1f494"
