# This file is automatically @generated by Cargo.
# It is not intended for manual editing.
version = 4

[[package]]
name = "init"
version = "0.1.0"
dependencies = [
 "syscalls",
]

[[package]]
name = "syscalls"
version = "0.8.1"
source = "registry+https://github.com/rust-lang/crates.io-index"
checksum = "81c645a4de0d803ced6ef0388a2646aa1ef8467173b5d59a2c33c88de4ab76e7"
